
Microsoft Visual Studio Solution File, Format Version 12.00
# Visual Studio Version 17
VisualStudioVersion = 17.6.33829.357
MinimumVisualStudioVersion = 10.0.40219.1
Project("{FAE04EC0-301F-11D3-BF4B-00C04F79EFBC}") = "knightMoves", "knightMoves\knightMoves.csproj", "{0CC0D04E-DC60-474C-938C-A99BC33130CF}"
EndProject
Project("{FAE04EC0-301F-11D3-BF4B-00C04F79EFBC}") = "KnightMovesTests", "KnightMovesTests\KnightMovesTests.csproj", "{73C7EED2-B08A-405E-895F-193286D84CBD}"
EndProject
Global
	GlobalSection(SolutionConfigurationPlatforms) = preSolution
		Debug|Any CPU = Debug|Any CPU
		Release|Any CPU = Release|Any CPU
	EndGlobalSection
	GlobalSection(ProjectConfigurationPlatforms) = postSolution
		{0CC0D04E-DC60-474C-938C-A99BC33130CF}.Debug|Any CPU.ActiveCfg = Debug|Any CPU
		{0CC0D04E-DC60-474C-938C-A99BC33130CF}.Debug|Any CPU.Build.0 = Debug|Any CPU
		{0CC0D04E-DC60-474C-938C-A99BC33130CF}.Release|Any CPU.ActiveCfg = Release|Any CPU
		{0CC0D04E-DC60-474C-938C-A99BC33130CF}.Release|Any CPU.Build.0 = Release|Any CPU
		{73C7EED2-B08A-405E-895F-193286D84CBD}.Debug|Any CPU.ActiveCfg = Debug|Any CPU
		{73C7EED2-B08A-405E-895F-193286D84CBD}.Debug|Any CPU.Build.0 = Debug|Any CPU
		{73C7EED2-B08A-405E-895F-193286D84CBD}.Release|Any CPU.ActiveCfg = Release|Any CPU
		{73C7EED2-B08A-405E-895F-193286D84CBD}.Release|Any CPU.Build.0 = Release|Any CPU
	EndGlobalSection
	GlobalSection(SolutionProperties) = preSolution
		HideSolutionNode = FALSE
	EndGlobalSection
	GlobalSection(ExtensibilityGlobals) = postSolution
		SolutionGuid = {121E0EC2-44FA-4F77-9C4C-67ACF06A9570}
	EndGlobalSection
EndGlobal
